{
  "requires": true,
  "lockfileVersion": 1,
  "dependencies": {
    "bulma": {
      "version": "0.6.2",
      "resolved": "https://registry.npmjs.org/bulma/-/bulma-0.6.2.tgz",
      "integrity": "sha1-9LHRHVrMUaeWROsKKwsQZJ09cfU="
    },
    "bulma-extensions": {
      "version": "0.7.6",
      "resolved": "https://registry.npmjs.org/bulma-extensions/-/bulma-extensions-0.7.6.tgz",
      "integrity": "sha1-6TJxt3Ro7ZNMDyLsWqdk553tojQ="
    },
    "vue-parallaxy": {
      "version": "1.1.1",
      "resolved": "https://registry.npmjs.org/vue-parallaxy/-/vue-parallaxy-1.1.1.tgz",
      "integrity": "sha512-qZiVpfyRes6Z0Q0DJnsos1WlV7eY478Ek+/s/6CkX67OGCIV5M16X4stQ1AccaEdKvSk+iw8jmfpM/5c6PEFDQ=="
    }
  }
}
